
Microsoft Visual Studio Solution File, Format Version 12.00
# Visual Studio 15
VisualStudioVersion = 15.0.28307.705
MinimumVisualStudioVersion = 10.0.40219.1
Project("{FAE04EC0-301F-11D3-BF4B-00C04F79EFBC}") = "WalpaperChanger", "WalpaperChanger\WalpaperChanger.csproj", "{B74E9A55-015F-48FE-BE5F-D59B00B3C65C}"
EndProject
Global
	GlobalSection(SolutionConfigurationPlatforms) = preSolution
		Debug|Any CPU = Debug|Any CPU
		Release|Any CPU = Release|Any CPU
	EndGlobalSection
	GlobalSection(ProjectConfigurationPlatforms) = postSolution
		{B74E9A55-015F-48FE-BE5F-D59B00B3C65C}.Debug|Any CPU.ActiveCfg = Debug|Any CPU
		{B74E9A55-015F-48FE-BE5F-D59B00B3C65C}.Debug|Any CPU.Build.0 = Debug|Any CPU
		{B74E9A55-015F-48FE-BE5F-D59B00B3C65C}.Release|Any CPU.ActiveCfg = Release|Any CPU
		{B74E9A55-015F-48FE-BE5F-D59B00B3C65C}.Release|Any CPU.Build.0 = Release|Any CPU
	EndGlobalSection
	GlobalSection(SolutionProperties) = preSolution
		HideSolutionNode = FALSE
	EndGlobalSection
	GlobalSection(ExtensibilityGlobals) = postSolution
		SolutionGuid = {86EF6461-7E94-4226-B42F-E16D964C4675}
	EndGlobalSection
EndGlobal
